
Microsoft Visual Studio Solution File, Format Version 12.00
# Visual Studio Version 16
VisualStudioVersion = 16.0.31515.178
MinimumVisualStudioVersion = 10.0.40219.1
Project("{FAE04EC0-301F-11D3-BF4B-00C04F79EFBC}") = "csharp-exercises_5", "csharp-exercises_5\csharp-exercises_5.csproj", "{EC165A2E-39D2-40B4-9342-94D8ACD52309}"
EndProject
Global
	GlobalSection(SolutionConfigurationPlatforms) = preSolution
		Debug|Any CPU = Debug|Any CPU
		Release|Any CPU = Release|Any CPU
	EndGlobalSection
	GlobalSection(ProjectConfigurationPlatforms) = postSolution
		{EC165A2E-39D2-40B4-9342-94D8ACD52309}.Debug|Any CPU.ActiveCfg = Debug|Any CPU
		{EC165A2E-39D2-40B4-9342-94D8ACD52309}.Debug|Any CPU.Build.0 = Debug|Any CPU
		{EC165A2E-39D2-40B4-9342-94D8ACD52309}.Release|Any CPU.ActiveCfg = Release|Any CPU
		{EC165A2E-39D2-40B4-9342-94D8ACD52309}.Release|Any CPU.Build.0 = Release|Any CPU
	EndGlobalSection
	GlobalSection(SolutionProperties) = preSolution
		HideSolutionNode = FALSE
	EndGlobalSection
	GlobalSection(ExtensibilityGlobals) = postSolution
		SolutionGuid = {6B8DEB95-118F-47D6-8061-7D1D1ADFE237}
	EndGlobalSection
EndGlobal
