
Microsoft Visual Studio Solution File, Format Version 12.00
# Visual Studio Version 16
VisualStudioVersion = 16.0.31515.178
MinimumVisualStudioVersion = 10.0.40219.1
Project("{FAE04EC0-301F-11D3-BF4B-00C04F79EFBC}") = "csharp-exercises_4", "csharp-exercises_4\csharp-exercises_4.csproj", "{5879E037-5DB6-42B4-90DE-84EB5DD8B2C7}"
EndProject
Global
	GlobalSection(SolutionConfigurationPlatforms) = preSolution
		Debug|Any CPU = Debug|Any CPU
		Release|Any CPU = Release|Any CPU
	EndGlobalSection
	GlobalSection(ProjectConfigurationPlatforms) = postSolution
		{5879E037-5DB6-42B4-90DE-84EB5DD8B2C7}.Debug|Any CPU.ActiveCfg = Debug|Any CPU
		{5879E037-5DB6-42B4-90DE-84EB5DD8B2C7}.Debug|Any CPU.Build.0 = Debug|Any CPU
		{5879E037-5DB6-42B4-90DE-84EB5DD8B2C7}.Release|Any CPU.ActiveCfg = Release|Any CPU
		{5879E037-5DB6-42B4-90DE-84EB5DD8B2C7}.Release|Any CPU.Build.0 = Release|Any CPU
	EndGlobalSection
	GlobalSection(SolutionProperties) = preSolution
		HideSolutionNode = FALSE
	EndGlobalSection
	GlobalSection(ExtensibilityGlobals) = postSolution
		SolutionGuid = {1D931249-3BD8-4653-B165-B5CE979A25C3}
	EndGlobalSection
EndGlobal
